
Microsoft Visual Studio Solution File, Format Version 12.00
# Visual Studio Version 17
VisualStudioVersion = 17.9.34728.123
MinimumVisualStudioVersion = 10.0.40219.1
Project("{9A19103F-16F7-4668-BE54-9A1E7A4F7556}") = "StoreApp", "StoreApp\StoreApp.csproj", "{E122A487-136C-4D7D-8796-BD39305EC65F}"
EndProject
Project("{9A19103F-16F7-4668-BE54-9A1E7A4F7556}") = "AuthLib", "AuthLib\AuthLib.csproj", "{B08EF23F-A2B3-4352-A141-D518C28F4805}"
EndProject
Project("{9A19103F-16F7-4668-BE54-9A1E7A4F7556}") = "CatalogAPI", "CatalogAPI\CatalogAPI.csproj", "{8AF1A437-CCDB-4CDF-8789-42B5DB915958}"
EndProject
Project("{9A19103F-16F7-4668-BE54-9A1E7A4F7556}") = "DemoDBApp", "DemoDBApp\DemoDBApp.csproj", "{EB14167C-C222-4C88-964C-5BF2F2640996}"
EndProject
Project("{9A19103F-16F7-4668-BE54-9A1E7A4F7556}") = "HRORMApp", "HRORMApp\HRORMApp.csproj", "{89CA3559-936E-4AA4-AAC1-C0417721CFB0}"
EndProject
Project("{FAE04EC0-301F-11D3-BF4B-00C04F79EFBC}") = "BolgPost", "BolgPost\BolgPost.csproj", "{867DF9EF-BB63-45A4-8E62-E16AB819D825}"
EndProject
Global
	GlobalSection(SolutionConfigurationPlatforms) = preSolution
		Debug|Any CPU = Debug|Any CPU
		Release|Any CPU = Release|Any CPU
	EndGlobalSection
	GlobalSection(ProjectConfigurationPlatforms) = postSolution
		{E122A487-136C-4D7D-8796-BD39305EC65F}.Debug|Any CPU.ActiveCfg = Debug|Any CPU
		{E122A487-136C-4D7D-8796-BD39305EC65F}.Debug|Any CPU.Build.0 = Debug|Any CPU
		{E122A487-136C-4D7D-8796-BD39305EC65F}.Release|Any CPU.ActiveCfg = Release|Any CPU
		{E122A487-136C-4D7D-8796-BD39305EC65F}.Release|Any CPU.Build.0 = Release|Any CPU
		{B08EF23F-A2B3-4352-A141-D518C28F4805}.Debug|Any CPU.ActiveCfg = Debug|Any CPU
		{B08EF23F-A2B3-4352-A141-D518C28F4805}.Debug|Any CPU.Build.0 = Debug|Any CPU
		{B08EF23F-A2B3-4352-A141-D518C28F4805}.Release|Any CPU.ActiveCfg = Release|Any CPU
		{B08EF23F-A2B3-4352-A141-D518C28F4805}.Release|Any CPU.Build.0 = Release|Any CPU
		{8AF1A437-CCDB-4CDF-8789-42B5DB915958}.Debug|Any CPU.ActiveCfg = Debug|Any CPU
		{8AF1A437-CCDB-4CDF-8789-42B5DB915958}.Debug|Any CPU.Build.0 = Debug|Any CPU
		{8AF1A437-CCDB-4CDF-8789-42B5DB915958}.Release|Any CPU.ActiveCfg = Release|Any CPU
		{8AF1A437-CCDB-4CDF-8789-42B5DB915958}.Release|Any CPU.Build.0 = Release|Any CPU
		{EB14167C-C222-4C88-964C-5BF2F2640996}.Debug|Any CPU.ActiveCfg = Debug|Any CPU
		{EB14167C-C222-4C88-964C-5BF2F2640996}.Debug|Any CPU.Build.0 = Debug|Any CPU
		{EB14167C-C222-4C88-964C-5BF2F2640996}.Release|Any CPU.ActiveCfg = Release|Any CPU
		{EB14167C-C222-4C88-964C-5BF2F2640996}.Release|Any CPU.Build.0 = Release|Any CPU
		{89CA3559-936E-4AA4-AAC1-C0417721CFB0}.Debug|Any CPU.ActiveCfg = Debug|Any CPU
		{89CA3559-936E-4AA4-AAC1-C0417721CFB0}.Debug|Any CPU.Build.0 = Debug|Any CPU
		{89CA3559-936E-4AA4-AAC1-C0417721CFB0}.Release|Any CPU.ActiveCfg = Release|Any CPU
		{89CA3559-936E-4AA4-AAC1-C0417721CFB0}.Release|Any CPU.Build.0 = Release|Any CPU
		{867DF9EF-BB63-45A4-8E62-E16AB819D825}.Debug|Any CPU.ActiveCfg = Debug|Any CPU
		{867DF9EF-BB63-45A4-8E62-E16AB819D825}.Debug|Any CPU.Build.0 = Debug|Any CPU
		{867DF9EF-BB63-45A4-8E62-E16AB819D825}.Release|Any CPU.ActiveCfg = Release|Any CPU
		{867DF9EF-BB63-45A4-8E62-E16AB819D825}.Release|Any CPU.Build.0 = Release|Any CPU
	EndGlobalSection
	GlobalSection(SolutionProperties) = preSolution
		HideSolutionNode = FALSE
	EndGlobalSection
	GlobalSection(ExtensibilityGlobals) = postSolution
		SolutionGuid = {9DC188FB-E1B9-4069-BDF6-FA333B99FD16}
	EndGlobalSection
EndGlobal
