
Microsoft Visual Studio Solution File, Format Version 12.00
# Visual Studio Version 17
VisualStudioVersion = 17.0.31903.59
MinimumVisualStudioVersion = 10.0.40219.1
Project("{9A19103F-16F7-4668-BE54-9A1E7A4F7556}") = "EStoreWebApp", "EStoreWebApp\EStoreWebApp.csproj", "{5D345E31-5FB8-448F-82A0-B7ED2C886A81}"
EndProject
Project("{9A19103F-16F7-4668-BE54-9A1E7A4F7556}") = "BOL", "BOL\BOL.csproj", "{901C0B6E-69EA-4FD4-9B78-3C231C8E6F9F}"
EndProject
Project("{9A19103F-16F7-4668-BE54-9A1E7A4F7556}") = "BLL", "BLL\BLL.csproj", "{73791374-AC19-4123-BDEF-84A24ADEC60D}"
EndProject
Project("{9A19103F-16F7-4668-BE54-9A1E7A4F7556}") = "DAL", "DAL\DAL.csproj", "{620A5EC3-6153-4C7F-B912-3F56ACADE157}"
EndProject
Project("{9A19103F-16F7-4668-BE54-9A1E7A4F7556}") = "TestApp", "TestApp\TestApp.csproj", "{9005EC51-6D9A-4CB2-BEC4-6FFCA45E49CB}"
EndProject
Project("{FAE04EC0-301F-11D3-BF4B-00C04F79EFBC}") = "ASPXWebApp", "ASPXWebApp\ASPXWebApp.csproj", "{FB6B757F-8AD7-4674-B54F-E99C763EFC30}"
EndProject
Project("{FAE04EC0-301F-11D3-BF4B-00C04F79EFBC}") = "CatalogAPI", "CatalogAPI\CatalogAPI.csproj", "{B765DE01-58CB-4921-A9F4-1FE0133BDF27}"
EndProject
Project("{9A19103F-16F7-4668-BE54-9A1E7A4F7556}") = "EStoreWebAPI", "EStoreWebAPI\EStoreWebAPI.csproj", "{9FFA9FB6-571C-4D64-BE1B-C37B10185252}"
EndProject
Global
	GlobalSection(SolutionConfigurationPlatforms) = preSolution
		Debug|Any CPU = Debug|Any CPU
		Release|Any CPU = Release|Any CPU
	EndGlobalSection
	GlobalSection(ProjectConfigurationPlatforms) = postSolution
		{5D345E31-5FB8-448F-82A0-B7ED2C886A81}.Debug|Any CPU.ActiveCfg = Debug|Any CPU
		{5D345E31-5FB8-448F-82A0-B7ED2C886A81}.Debug|Any CPU.Build.0 = Debug|Any CPU
		{5D345E31-5FB8-448F-82A0-B7ED2C886A81}.Release|Any CPU.ActiveCfg = Release|Any CPU
		{5D345E31-5FB8-448F-82A0-B7ED2C886A81}.Release|Any CPU.Build.0 = Release|Any CPU
		{901C0B6E-69EA-4FD4-9B78-3C231C8E6F9F}.Debug|Any CPU.ActiveCfg = Debug|Any CPU
		{901C0B6E-69EA-4FD4-9B78-3C231C8E6F9F}.Debug|Any CPU.Build.0 = Debug|Any CPU
		{901C0B6E-69EA-4FD4-9B78-3C231C8E6F9F}.Release|Any CPU.ActiveCfg = Release|Any CPU
		{901C0B6E-69EA-4FD4-9B78-3C231C8E6F9F}.Release|Any CPU.Build.0 = Release|Any CPU
		{73791374-AC19-4123-BDEF-84A24ADEC60D}.Debug|Any CPU.ActiveCfg = Debug|Any CPU
		{73791374-AC19-4123-BDEF-84A24ADEC60D}.Debug|Any CPU.Build.0 = Debug|Any CPU
		{73791374-AC19-4123-BDEF-84A24ADEC60D}.Release|Any CPU.ActiveCfg = Release|Any CPU
		{73791374-AC19-4123-BDEF-84A24ADEC60D}.Release|Any CPU.Build.0 = Release|Any CPU
		{620A5EC3-6153-4C7F-B912-3F56ACADE157}.Debug|Any CPU.ActiveCfg = Debug|Any CPU
		{620A5EC3-6153-4C7F-B912-3F56ACADE157}.Debug|Any CPU.Build.0 = Debug|Any CPU
		{620A5EC3-6153-4C7F-B912-3F56ACADE157}.Release|Any CPU.ActiveCfg = Release|Any CPU
		{620A5EC3-6153-4C7F-B912-3F56ACADE157}.Release|Any CPU.Build.0 = Release|Any CPU
		{9005EC51-6D9A-4CB2-BEC4-6FFCA45E49CB}.Debug|Any CPU.ActiveCfg = Debug|Any CPU
		{9005EC51-6D9A-4CB2-BEC4-6FFCA45E49CB}.Debug|Any CPU.Build.0 = Debug|Any CPU
		{9005EC51-6D9A-4CB2-BEC4-6FFCA45E49CB}.Release|Any CPU.ActiveCfg = Release|Any CPU
		{9005EC51-6D9A-4CB2-BEC4-6FFCA45E49CB}.Release|Any CPU.Build.0 = Release|Any CPU
		{FB6B757F-8AD7-4674-B54F-E99C763EFC30}.Debug|Any CPU.ActiveCfg = Debug|Any CPU
		{FB6B757F-8AD7-4674-B54F-E99C763EFC30}.Debug|Any CPU.Build.0 = Debug|Any CPU
		{FB6B757F-8AD7-4674-B54F-E99C763EFC30}.Release|Any CPU.ActiveCfg = Release|Any CPU
		{FB6B757F-8AD7-4674-B54F-E99C763EFC30}.Release|Any CPU.Build.0 = Release|Any CPU
		{B765DE01-58CB-4921-A9F4-1FE0133BDF27}.Debug|Any CPU.ActiveCfg = Debug|Any CPU
		{B765DE01-58CB-4921-A9F4-1FE0133BDF27}.Debug|Any CPU.Build.0 = Debug|Any CPU
		{B765DE01-58CB-4921-A9F4-1FE0133BDF27}.Release|Any CPU.ActiveCfg = Release|Any CPU
		{B765DE01-58CB-4921-A9F4-1FE0133BDF27}.Release|Any CPU.Build.0 = Release|Any CPU
		{9FFA9FB6-571C-4D64-BE1B-C37B10185252}.Debug|Any CPU.ActiveCfg = Debug|Any CPU
		{9FFA9FB6-571C-4D64-BE1B-C37B10185252}.Debug|Any CPU.Build.0 = Debug|Any CPU
		{9FFA9FB6-571C-4D64-BE1B-C37B10185252}.Release|Any CPU.ActiveCfg = Release|Any CPU
		{9FFA9FB6-571C-4D64-BE1B-C37B10185252}.Release|Any CPU.Build.0 = Release|Any CPU
	EndGlobalSection
	GlobalSection(SolutionProperties) = preSolution
		HideSolutionNode = FALSE
	EndGlobalSection
	GlobalSection(ExtensibilityGlobals) = postSolution
		SolutionGuid = {A91399B6-3E92-4A68-B63B-A85D4AABDE6B}
	EndGlobalSection
EndGlobal
