
Microsoft Visual Studio Solution File, Format Version 12.00
# Visual Studio Version 17
VisualStudioVersion = 17.4.33205.214
MinimumVisualStudioVersion = 10.0.40219.1
Project("{FAE04EC0-301F-11D3-BF4B-00C04F79EFBC}") = "BOL", "BOL\BOL.csproj", "{049B01F8-4B32-498D-BC39-EAAF961EE05A}"
EndProject
Project("{FAE04EC0-301F-11D3-BF4B-00C04F79EFBC}") = "EcommerceWebApp", "EcommerceWebApp\EcommerceWebApp.csproj", "{B0529549-470A-4F46-8A7E-048E2D43869F}"
EndProject
Project("{FAE04EC0-301F-11D3-BF4B-00C04F79EFBC}") = "OnlineShoppingPortal", "OnlineShoppingPortal\OnlineShoppingPortal.csproj", "{DAF9273F-15B8-49C8-8507-392C0575D54D}"
EndProject
Project("{FAE04EC0-301F-11D3-BF4B-00C04F79EFBC}") = "EcommerceWebAPI", "EcommerceWebAPI\EcommerceWebAPI.csproj", "{9F840E53-C5FA-4607-9C65-6D50FB6B5785}"
EndProject
Project("{FAE04EC0-301F-11D3-BF4B-00C04F79EFBC}") = "PaintBrush", "PaintBrush\PaintBrush.csproj", "{FEF00090-62D5-48FC-B561-059703515BBF}"
EndProject
Project("{FAE04EC0-301F-11D3-BF4B-00C04F79EFBC}") = "OpenPaintBrush", "OpenPaintBrush\OpenPaintBrush.csproj", "{0DD8AD60-4978-4E7F-897B-264F9D367EFA}"
EndProject
Project("{FAE04EC0-301F-11D3-BF4B-00C04F79EFBC}") = "App1", "App1\App1.csproj", "{14017F8A-5F5C-4DFA-AA95-B5BABB14DD35}"
EndProject
Project("{FAE04EC0-301F-11D3-BF4B-00C04F79EFBC}") = "TFLStore", "TFLStore\TFLStore.csproj", "{CC42A686-6178-44CC-A05D-79A5518F5AEF}"
EndProject
Global
	GlobalSection(SolutionConfigurationPlatforms) = preSolution
		Debug|Any CPU = Debug|Any CPU
		Debug|ARM = Debug|ARM
		Debug|ARM64 = Debug|ARM64
		Debug|x64 = Debug|x64
		Debug|x86 = Debug|x86
		Release|Any CPU = Release|Any CPU
		Release|ARM = Release|ARM
		Release|ARM64 = Release|ARM64
		Release|x64 = Release|x64
		Release|x86 = Release|x86
	EndGlobalSection
	GlobalSection(ProjectConfigurationPlatforms) = postSolution
		{049B01F8-4B32-498D-BC39-EAAF961EE05A}.Debug|Any CPU.ActiveCfg = Debug|Any CPU
		{049B01F8-4B32-498D-BC39-EAAF961EE05A}.Debug|Any CPU.Build.0 = Debug|Any CPU
		{049B01F8-4B32-498D-BC39-EAAF961EE05A}.Debug|ARM.ActiveCfg = Debug|Any CPU
		{049B01F8-4B32-498D-BC39-EAAF961EE05A}.Debug|ARM.Build.0 = Debug|Any CPU
		{049B01F8-4B32-498D-BC39-EAAF961EE05A}.Debug|ARM64.ActiveCfg = Debug|Any CPU
		{049B01F8-4B32-498D-BC39-EAAF961EE05A}.Debug|ARM64.Build.0 = Debug|Any CPU
		{049B01F8-4B32-498D-BC39-EAAF961EE05A}.Debug|x64.ActiveCfg = Debug|Any CPU
		{049B01F8-4B32-498D-BC39-EAAF961EE05A}.Debug|x64.Build.0 = Debug|Any CPU
		{049B01F8-4B32-498D-BC39-EAAF961EE05A}.Debug|x86.ActiveCfg = Debug|Any CPU
		{049B01F8-4B32-498D-BC39-EAAF961EE05A}.Debug|x86.Build.0 = Debug|Any CPU
		{049B01F8-4B32-498D-BC39-EAAF961EE05A}.Release|Any CPU.ActiveCfg = Release|Any CPU
		{049B01F8-4B32-498D-BC39-EAAF961EE05A}.Release|Any CPU.Build.0 = Release|Any CPU
		{049B01F8-4B32-498D-BC39-EAAF961EE05A}.Release|ARM.ActiveCfg = Release|Any CPU
		{049B01F8-4B32-498D-BC39-EAAF961EE05A}.Release|ARM.Build.0 = Release|Any CPU
		{049B01F8-4B32-498D-BC39-EAAF961EE05A}.Release|ARM64.ActiveCfg = Release|Any CPU
		{049B01F8-4B32-498D-BC39-EAAF961EE05A}.Release|ARM64.Build.0 = Release|Any CPU
		{049B01F8-4B32-498D-BC39-EAAF961EE05A}.Release|x64.ActiveCfg = Release|Any CPU
		{049B01F8-4B32-498D-BC39-EAAF961EE05A}.Release|x64.Build.0 = Release|Any CPU
		{049B01F8-4B32-498D-BC39-EAAF961EE05A}.Release|x86.ActiveCfg = Release|Any CPU
		{049B01F8-4B32-498D-BC39-EAAF961EE05A}.Release|x86.Build.0 = Release|Any CPU
		{B0529549-470A-4F46-8A7E-048E2D43869F}.Debug|Any CPU.ActiveCfg = Debug|Any CPU
		{B0529549-470A-4F46-8A7E-048E2D43869F}.Debug|Any CPU.Build.0 = Debug|Any CPU
		{B0529549-470A-4F46-8A7E-048E2D43869F}.Debug|ARM.ActiveCfg = Debug|Any CPU
		{B0529549-470A-4F46-8A7E-048E2D43869F}.Debug|ARM.Build.0 = Debug|Any CPU
		{B0529549-470A-4F46-8A7E-048E2D43869F}.Debug|ARM64.ActiveCfg = Debug|Any CPU
		{B0529549-470A-4F46-8A7E-048E2D43869F}.Debug|ARM64.Build.0 = Debug|Any CPU
		{B0529549-470A-4F46-8A7E-048E2D43869F}.Debug|x64.ActiveCfg = Debug|Any CPU
		{B0529549-470A-4F46-8A7E-048E2D43869F}.Debug|x64.Build.0 = Debug|Any CPU
		{B0529549-470A-4F46-8A7E-048E2D43869F}.Debug|x86.ActiveCfg = Debug|Any CPU
		{B0529549-470A-4F46-8A7E-048E2D43869F}.Debug|x86.Build.0 = Debug|Any CPU
		{B0529549-470A-4F46-8A7E-048E2D43869F}.Release|Any CPU.ActiveCfg = Release|Any CPU
		{B0529549-470A-4F46-8A7E-048E2D43869F}.Release|Any CPU.Build.0 = Release|Any CPU
		{B0529549-470A-4F46-8A7E-048E2D43869F}.Release|ARM.ActiveCfg = Release|Any CPU
		{B0529549-470A-4F46-8A7E-048E2D43869F}.Release|ARM.Build.0 = Release|Any CPU
		{B0529549-470A-4F46-8A7E-048E2D43869F}.Release|ARM64.ActiveCfg = Release|Any CPU
		{B0529549-470A-4F46-8A7E-048E2D43869F}.Release|ARM64.Build.0 = Release|Any CPU
		{B0529549-470A-4F46-8A7E-048E2D43869F}.Release|x64.ActiveCfg = Release|Any CPU
		{B0529549-470A-4F46-8A7E-048E2D43869F}.Release|x64.Build.0 = Release|Any CPU
		{B0529549-470A-4F46-8A7E-048E2D43869F}.Release|x86.ActiveCfg = Release|Any CPU
		{B0529549-470A-4F46-8A7E-048E2D43869F}.Release|x86.Build.0 = Release|Any CPU
		{DAF9273F-15B8-49C8-8507-392C0575D54D}.Debug|Any CPU.ActiveCfg = Debug|Any CPU
		{DAF9273F-15B8-49C8-8507-392C0575D54D}.Debug|Any CPU.Build.0 = Debug|Any CPU
		{DAF9273F-15B8-49C8-8507-392C0575D54D}.Debug|ARM.ActiveCfg = Debug|Any CPU
		{DAF9273F-15B8-49C8-8507-392C0575D54D}.Debug|ARM.Build.0 = Debug|Any CPU
		{DAF9273F-15B8-49C8-8507-392C0575D54D}.Debug|ARM64.ActiveCfg = Debug|Any CPU
		{DAF9273F-15B8-49C8-8507-392C0575D54D}.Debug|ARM64.Build.0 = Debug|Any CPU
		{DAF9273F-15B8-49C8-8507-392C0575D54D}.Debug|x64.ActiveCfg = Debug|Any CPU
		{DAF9273F-15B8-49C8-8507-392C0575D54D}.Debug|x64.Build.0 = Debug|Any CPU
		{DAF9273F-15B8-49C8-8507-392C0575D54D}.Debug|x86.ActiveCfg = Debug|Any CPU
		{DAF9273F-15B8-49C8-8507-392C0575D54D}.Debug|x86.Build.0 = Debug|Any CPU
		{DAF9273F-15B8-49C8-8507-392C0575D54D}.Release|Any CPU.ActiveCfg = Release|Any CPU
		{DAF9273F-15B8-49C8-8507-392C0575D54D}.Release|Any CPU.Build.0 = Release|Any CPU
		{DAF9273F-15B8-49C8-8507-392C0575D54D}.Release|ARM.ActiveCfg = Release|Any CPU
		{DAF9273F-15B8-49C8-8507-392C0575D54D}.Release|ARM.Build.0 = Release|Any CPU
		{DAF9273F-15B8-49C8-8507-392C0575D54D}.Release|ARM64.ActiveCfg = Release|Any CPU
		{DAF9273F-15B8-49C8-8507-392C0575D54D}.Release|ARM64.Build.0 = Release|Any CPU
		{DAF9273F-15B8-49C8-8507-392C0575D54D}.Release|x64.ActiveCfg = Release|Any CPU
		{DAF9273F-15B8-49C8-8507-392C0575D54D}.Release|x64.Build.0 = Release|Any CPU
		{DAF9273F-15B8-49C8-8507-392C0575D54D}.Release|x86.ActiveCfg = Release|Any CPU
		{DAF9273F-15B8-49C8-8507-392C0575D54D}.Release|x86.Build.0 = Release|Any CPU
		{9F840E53-C5FA-4607-9C65-6D50FB6B5785}.Debug|Any CPU.ActiveCfg = Debug|Any CPU
		{9F840E53-C5FA-4607-9C65-6D50FB6B5785}.Debug|Any CPU.Build.0 = Debug|Any CPU
		{9F840E53-C5FA-4607-9C65-6D50FB6B5785}.Debug|ARM.ActiveCfg = Debug|Any CPU
		{9F840E53-C5FA-4607-9C65-6D50FB6B5785}.Debug|ARM.Build.0 = Debug|Any CPU
		{9F840E53-C5FA-4607-9C65-6D50FB6B5785}.Debug|ARM64.ActiveCfg = Debug|Any CPU
		{9F840E53-C5FA-4607-9C65-6D50FB6B5785}.Debug|ARM64.Build.0 = Debug|Any CPU
		{9F840E53-C5FA-4607-9C65-6D50FB6B5785}.Debug|x64.ActiveCfg = Debug|Any CPU
		{9F840E53-C5FA-4607-9C65-6D50FB6B5785}.Debug|x64.Build.0 = Debug|Any CPU
		{9F840E53-C5FA-4607-9C65-6D50FB6B5785}.Debug|x86.ActiveCfg = Debug|Any CPU
		{9F840E53-C5FA-4607-9C65-6D50FB6B5785}.Debug|x86.Build.0 = Debug|Any CPU
		{9F840E53-C5FA-4607-9C65-6D50FB6B5785}.Release|Any CPU.ActiveCfg = Release|Any CPU
		{9F840E53-C5FA-4607-9C65-6D50FB6B5785}.Release|Any CPU.Build.0 = Release|Any CPU
		{9F840E53-C5FA-4607-9C65-6D50FB6B5785}.Release|ARM.ActiveCfg = Release|Any CPU
		{9F840E53-C5FA-4607-9C65-6D50FB6B5785}.Release|ARM.Build.0 = Release|Any CPU
		{9F840E53-C5FA-4607-9C65-6D50FB6B5785}.Release|ARM64.ActiveCfg = Release|Any CPU
		{9F840E53-C5FA-4607-9C65-6D50FB6B5785}.Release|ARM64.Build.0 = Release|Any CPU
		{9F840E53-C5FA-4607-9C65-6D50FB6B5785}.Release|x64.ActiveCfg = Release|Any CPU
		{9F840E53-C5FA-4607-9C65-6D50FB6B5785}.Release|x64.Build.0 = Release|Any CPU
		{9F840E53-C5FA-4607-9C65-6D50FB6B5785}.Release|x86.ActiveCfg = Release|Any CPU
		{9F840E53-C5FA-4607-9C65-6D50FB6B5785}.Release|x86.Build.0 = Release|Any CPU
		{FEF00090-62D5-48FC-B561-059703515BBF}.Debug|Any CPU.ActiveCfg = Debug|Any CPU
		{FEF00090-62D5-48FC-B561-059703515BBF}.Debug|Any CPU.Build.0 = Debug|Any CPU
		{FEF00090-62D5-48FC-B561-059703515BBF}.Debug|ARM.ActiveCfg = Debug|Any CPU
		{FEF00090-62D5-48FC-B561-059703515BBF}.Debug|ARM.Build.0 = Debug|Any CPU
		{FEF00090-62D5-48FC-B561-059703515BBF}.Debug|ARM64.ActiveCfg = Debug|Any CPU
		{FEF00090-62D5-48FC-B561-059703515BBF}.Debug|ARM64.Build.0 = Debug|Any CPU
		{FEF00090-62D5-48FC-B561-059703515BBF}.Debug|x64.ActiveCfg = Debug|Any CPU
		{FEF00090-62D5-48FC-B561-059703515BBF}.Debug|x64.Build.0 = Debug|Any CPU
		{FEF00090-62D5-48FC-B561-059703515BBF}.Debug|x86.ActiveCfg = Debug|Any CPU
		{FEF00090-62D5-48FC-B561-059703515BBF}.Debug|x86.Build.0 = Debug|Any CPU
		{FEF00090-62D5-48FC-B561-059703515BBF}.Release|Any CPU.ActiveCfg = Release|Any CPU
		{FEF00090-62D5-48FC-B561-059703515BBF}.Release|Any CPU.Build.0 = Release|Any CPU
		{FEF00090-62D5-48FC-B561-059703515BBF}.Release|ARM.ActiveCfg = Release|Any CPU
		{FEF00090-62D5-48FC-B561-059703515BBF}.Release|ARM.Build.0 = Release|Any CPU
		{FEF00090-62D5-48FC-B561-059703515BBF}.Release|ARM64.ActiveCfg = Release|Any CPU
		{FEF00090-62D5-48FC-B561-059703515BBF}.Release|ARM64.Build.0 = Release|Any CPU
		{FEF00090-62D5-48FC-B561-059703515BBF}.Release|x64.ActiveCfg = Release|Any CPU
		{FEF00090-62D5-48FC-B561-059703515BBF}.Release|x64.Build.0 = Release|Any CPU
		{FEF00090-62D5-48FC-B561-059703515BBF}.Release|x86.ActiveCfg = Release|Any CPU
		{FEF00090-62D5-48FC-B561-059703515BBF}.Release|x86.Build.0 = Release|Any CPU
		{0DD8AD60-4978-4E7F-897B-264F9D367EFA}.Debug|Any CPU.ActiveCfg = Debug|Any CPU
		{0DD8AD60-4978-4E7F-897B-264F9D367EFA}.Debug|Any CPU.Build.0 = Debug|Any CPU
		{0DD8AD60-4978-4E7F-897B-264F9D367EFA}.Debug|ARM.ActiveCfg = Debug|Any CPU
		{0DD8AD60-4978-4E7F-897B-264F9D367EFA}.Debug|ARM.Build.0 = Debug|Any CPU
		{0DD8AD60-4978-4E7F-897B-264F9D367EFA}.Debug|ARM64.ActiveCfg = Debug|Any CPU
		{0DD8AD60-4978-4E7F-897B-264F9D367EFA}.Debug|ARM64.Build.0 = Debug|Any CPU
		{0DD8AD60-4978-4E7F-897B-264F9D367EFA}.Debug|x64.ActiveCfg = Debug|Any CPU
		{0DD8AD60-4978-4E7F-897B-264F9D367EFA}.Debug|x64.Build.0 = Debug|Any CPU
		{0DD8AD60-4978-4E7F-897B-264F9D367EFA}.Debug|x86.ActiveCfg = Debug|Any CPU
		{0DD8AD60-4978-4E7F-897B-264F9D367EFA}.Debug|x86.Build.0 = Debug|Any CPU
		{0DD8AD60-4978-4E7F-897B-264F9D367EFA}.Release|Any CPU.ActiveCfg = Release|Any CPU
		{0DD8AD60-4978-4E7F-897B-264F9D367EFA}.Release|Any CPU.Build.0 = Release|Any CPU
		{0DD8AD60-4978-4E7F-897B-264F9D367EFA}.Release|ARM.ActiveCfg = Release|Any CPU
		{0DD8AD60-4978-4E7F-897B-264F9D367EFA}.Release|ARM.Build.0 = Release|Any CPU
		{0DD8AD60-4978-4E7F-897B-264F9D367EFA}.Release|ARM64.ActiveCfg = Release|Any CPU
		{0DD8AD60-4978-4E7F-897B-264F9D367EFA}.Release|ARM64.Build.0 = Release|Any CPU
		{0DD8AD60-4978-4E7F-897B-264F9D367EFA}.Release|x64.ActiveCfg = Release|Any CPU
		{0DD8AD60-4978-4E7F-897B-264F9D367EFA}.Release|x64.Build.0 = Release|Any CPU
		{0DD8AD60-4978-4E7F-897B-264F9D367EFA}.Release|x86.ActiveCfg = Release|Any CPU
		{0DD8AD60-4978-4E7F-897B-264F9D367EFA}.Release|x86.Build.0 = Release|Any CPU
		{14017F8A-5F5C-4DFA-AA95-B5BABB14DD35}.Debug|Any CPU.ActiveCfg = Debug|x64
		{14017F8A-5F5C-4DFA-AA95-B5BABB14DD35}.Debug|Any CPU.Build.0 = Debug|x64
		{14017F8A-5F5C-4DFA-AA95-B5BABB14DD35}.Debug|Any CPU.Deploy.0 = Debug|x64
		{14017F8A-5F5C-4DFA-AA95-B5BABB14DD35}.Debug|ARM.ActiveCfg = Debug|ARM
		{14017F8A-5F5C-4DFA-AA95-B5BABB14DD35}.Debug|ARM.Build.0 = Debug|ARM
		{14017F8A-5F5C-4DFA-AA95-B5BABB14DD35}.Debug|ARM.Deploy.0 = Debug|ARM
		{14017F8A-5F5C-4DFA-AA95-B5BABB14DD35}.Debug|ARM64.ActiveCfg = Debug|ARM64
		{14017F8A-5F5C-4DFA-AA95-B5BABB14DD35}.Debug|ARM64.Build.0 = Debug|ARM64
		{14017F8A-5F5C-4DFA-AA95-B5BABB14DD35}.Debug|ARM64.Deploy.0 = Debug|ARM64
		{14017F8A-5F5C-4DFA-AA95-B5BABB14DD35}.Debug|x64.ActiveCfg = Debug|x64
		{14017F8A-5F5C-4DFA-AA95-B5BABB14DD35}.Debug|x64.Build.0 = Debug|x64
		{14017F8A-5F5C-4DFA-AA95-B5BABB14DD35}.Debug|x64.Deploy.0 = Debug|x64
		{14017F8A-5F5C-4DFA-AA95-B5BABB14DD35}.Debug|x86.ActiveCfg = Debug|x86
		{14017F8A-5F5C-4DFA-AA95-B5BABB14DD35}.Debug|x86.Build.0 = Debug|x86
		{14017F8A-5F5C-4DFA-AA95-B5BABB14DD35}.Debug|x86.Deploy.0 = Debug|x86
		{14017F8A-5F5C-4DFA-AA95-B5BABB14DD35}.Release|Any CPU.ActiveCfg = Release|x64
		{14017F8A-5F5C-4DFA-AA95-B5BABB14DD35}.Release|Any CPU.Build.0 = Release|x64
		{14017F8A-5F5C-4DFA-AA95-B5BABB14DD35}.Release|Any CPU.Deploy.0 = Release|x64
		{14017F8A-5F5C-4DFA-AA95-B5BABB14DD35}.Release|ARM.ActiveCfg = Release|ARM
		{14017F8A-5F5C-4DFA-AA95-B5BABB14DD35}.Release|ARM.Build.0 = Release|ARM
		{14017F8A-5F5C-4DFA-AA95-B5BABB14DD35}.Release|ARM.Deploy.0 = Release|ARM
		{14017F8A-5F5C-4DFA-AA95-B5BABB14DD35}.Release|ARM64.ActiveCfg = Release|ARM64
		{14017F8A-5F5C-4DFA-AA95-B5BABB14DD35}.Release|ARM64.Build.0 = Release|ARM64
		{14017F8A-5F5C-4DFA-AA95-B5BABB14DD35}.Release|ARM64.Deploy.0 = Release|ARM64
		{14017F8A-5F5C-4DFA-AA95-B5BABB14DD35}.Release|x64.ActiveCfg = Release|x64
		{14017F8A-5F5C-4DFA-AA95-B5BABB14DD35}.Release|x64.Build.0 = Release|x64
		{14017F8A-5F5C-4DFA-AA95-B5BABB14DD35}.Release|x64.Deploy.0 = Release|x64
		{14017F8A-5F5C-4DFA-AA95-B5BABB14DD35}.Release|x86.ActiveCfg = Release|x86
		{14017F8A-5F5C-4DFA-AA95-B5BABB14DD35}.Release|x86.Build.0 = Release|x86
		{14017F8A-5F5C-4DFA-AA95-B5BABB14DD35}.Release|x86.Deploy.0 = Release|x86
		{CC42A686-6178-44CC-A05D-79A5518F5AEF}.Debug|Any CPU.ActiveCfg = Debug|Any CPU
		{CC42A686-6178-44CC-A05D-79A5518F5AEF}.Debug|Any CPU.Build.0 = Debug|Any CPU
		{CC42A686-6178-44CC-A05D-79A5518F5AEF}.Debug|ARM.ActiveCfg = Debug|Any CPU
		{CC42A686-6178-44CC-A05D-79A5518F5AEF}.Debug|ARM.Build.0 = Debug|Any CPU
		{CC42A686-6178-44CC-A05D-79A5518F5AEF}.Debug|ARM64.ActiveCfg = Debug|Any CPU
		{CC42A686-6178-44CC-A05D-79A5518F5AEF}.Debug|ARM64.Build.0 = Debug|Any CPU
		{CC42A686-6178-44CC-A05D-79A5518F5AEF}.Debug|x64.ActiveCfg = Debug|Any CPU
		{CC42A686-6178-44CC-A05D-79A5518F5AEF}.Debug|x64.Build.0 = Debug|Any CPU
		{CC42A686-6178-44CC-A05D-79A5518F5AEF}.Debug|x86.ActiveCfg = Debug|Any CPU
		{CC42A686-6178-44CC-A05D-79A5518F5AEF}.Debug|x86.Build.0 = Debug|Any CPU
		{CC42A686-6178-44CC-A05D-79A5518F5AEF}.Release|Any CPU.ActiveCfg = Release|Any CPU
		{CC42A686-6178-44CC-A05D-79A5518F5AEF}.Release|Any CPU.Build.0 = Release|Any CPU
		{CC42A686-6178-44CC-A05D-79A5518F5AEF}.Release|ARM.ActiveCfg = Release|Any CPU
		{CC42A686-6178-44CC-A05D-79A5518F5AEF}.Release|ARM.Build.0 = Release|Any CPU
		{CC42A686-6178-44CC-A05D-79A5518F5AEF}.Release|ARM64.ActiveCfg = Release|Any CPU
		{CC42A686-6178-44CC-A05D-79A5518F5AEF}.Release|ARM64.Build.0 = Release|Any CPU
		{CC42A686-6178-44CC-A05D-79A5518F5AEF}.Release|x64.ActiveCfg = Release|Any CPU
		{CC42A686-6178-44CC-A05D-79A5518F5AEF}.Release|x64.Build.0 = Release|Any CPU
		{CC42A686-6178-44CC-A05D-79A5518F5AEF}.Release|x86.ActiveCfg = Release|Any CPU
		{CC42A686-6178-44CC-A05D-79A5518F5AEF}.Release|x86.Build.0 = Release|Any CPU
	EndGlobalSection
	GlobalSection(SolutionProperties) = preSolution
		HideSolutionNode = FALSE
	EndGlobalSection
	GlobalSection(ExtensibilityGlobals) = postSolution
		SolutionGuid = {24322D33-5FF0-4442-8036-03C960177858}
	EndGlobalSection
EndGlobal
