Microsoft Visual Studio Solution File, Format Version 12.00
# Visual Studio Version 17
VisualStudioVersion = 17.5.2.0
MinimumVisualStudioVersion = 10.0.40219.1
Project("{FAE04EC0-301F-11D3-BF4B-00C04F79EFBC}") = "StateMgmtApp", "StateMgmtApp.csproj", "{698DD097-7742-D448-DAD0-D323775FBDC0}"
EndProject
Global
	GlobalSection(SolutionConfigurationPlatforms) = preSolution
		Debug|Any CPU = Debug|Any CPU
		Release|Any CPU = Release|Any CPU
	EndGlobalSection
	GlobalSection(ProjectConfigurationPlatforms) = postSolution
		{698DD097-7742-D448-DAD0-D323775FBDC0}.Debug|Any CPU.ActiveCfg = Debug|Any CPU
		{698DD097-7742-D448-DAD0-D323775FBDC0}.Debug|Any CPU.Build.0 = Debug|Any CPU
		{698DD097-7742-D448-DAD0-D323775FBDC0}.Release|Any CPU.ActiveCfg = Release|Any CPU
		{698DD097-7742-D448-DAD0-D323775FBDC0}.Release|Any CPU.Build.0 = Release|Any CPU
	EndGlobalSection
	GlobalSection(SolutionProperties) = preSolution
		HideSolutionNode = FALSE
	EndGlobalSection
	GlobalSection(ExtensibilityGlobals) = postSolution
		SolutionGuid = {D21ECA69-2073-433A-8997-4520D0285307}
	EndGlobalSection
EndGlobal
