Microsoft Visual Studio Solution File, Format Version 12.00
# Visual Studio Version 17
VisualStudioVersion = 17.5.2.0
MinimumVisualStudioVersion = 10.0.40219.1
Project("{FAE04EC0-301F-11D3-BF4B-00C04F79EFBC}") = "reflectiondemo", "reflectiondemo.csproj", "{45224621-FD04-08EA-0FFF-E542DF2D0A40}"
EndProject
Global
	GlobalSection(SolutionConfigurationPlatforms) = preSolution
		Debug|Any CPU = Debug|Any CPU
		Release|Any CPU = Release|Any CPU
	EndGlobalSection
	GlobalSection(ProjectConfigurationPlatforms) = postSolution
		{45224621-FD04-08EA-0FFF-E542DF2D0A40}.Debug|Any CPU.ActiveCfg = Debug|Any CPU
		{45224621-FD04-08EA-0FFF-E542DF2D0A40}.Debug|Any CPU.Build.0 = Debug|Any CPU
		{45224621-FD04-08EA-0FFF-E542DF2D0A40}.Release|Any CPU.ActiveCfg = Release|Any CPU
		{45224621-FD04-08EA-0FFF-E542DF2D0A40}.Release|Any CPU.Build.0 = Release|Any CPU
	EndGlobalSection
	GlobalSection(SolutionProperties) = preSolution
		HideSolutionNode = FALSE
	EndGlobalSection
	GlobalSection(ExtensibilityGlobals) = postSolution
		SolutionGuid = {6EF0484E-8428-46F6-A37A-6C6D6768A002}
	EndGlobalSection
EndGlobal
