
Microsoft Visual Studio Solution File, Format Version 12.00
# Visual Studio Version 17
VisualStudioVersion = 17.8.34408.163
MinimumVisualStudioVersion = 10.0.40219.1
Project("{FAE04EC0-301F-11D3-BF4B-00C04F79EFBC}") = "ProductCatalog", "ProductCatalog\ProductCatalog.csproj", "{B3FEEB6C-9D59-4CEC-A5A4-E2A0EE1E0E38}"
EndProject
Project("{FAE04EC0-301F-11D3-BF4B-00C04F79EFBC}") = "TestWebAPI", "TestWebAPI\TestWebAPI.csproj", "{58EFD813-294D-44EB-BA7E-E023D337F5DA}"
EndProject
Global
	GlobalSection(SolutionConfigurationPlatforms) = preSolution
		Debug|Any CPU = Debug|Any CPU
		Release|Any CPU = Release|Any CPU
	EndGlobalSection
	GlobalSection(ProjectConfigurationPlatforms) = postSolution
		{B3FEEB6C-9D59-4CEC-A5A4-E2A0EE1E0E38}.Debug|Any CPU.ActiveCfg = Debug|Any CPU
		{B3FEEB6C-9D59-4CEC-A5A4-E2A0EE1E0E38}.Debug|Any CPU.Build.0 = Debug|Any CPU
		{B3FEEB6C-9D59-4CEC-A5A4-E2A0EE1E0E38}.Release|Any CPU.ActiveCfg = Release|Any CPU
		{B3FEEB6C-9D59-4CEC-A5A4-E2A0EE1E0E38}.Release|Any CPU.Build.0 = Release|Any CPU
		{58EFD813-294D-44EB-BA7E-E023D337F5DA}.Debug|Any CPU.ActiveCfg = Debug|Any CPU
		{58EFD813-294D-44EB-BA7E-E023D337F5DA}.Debug|Any CPU.Build.0 = Debug|Any CPU
		{58EFD813-294D-44EB-BA7E-E023D337F5DA}.Release|Any CPU.ActiveCfg = Release|Any CPU
		{58EFD813-294D-44EB-BA7E-E023D337F5DA}.Release|Any CPU.Build.0 = Release|Any CPU
	EndGlobalSection
	GlobalSection(SolutionProperties) = preSolution
		HideSolutionNode = FALSE
	EndGlobalSection
	GlobalSection(ExtensibilityGlobals) = postSolution
		SolutionGuid = {15FE4EE4-8587-46CF-8E04-D46A364E2C75}
	EndGlobalSection
EndGlobal
