Microsoft Visual Studio Solution File, Format Version 12.00
# Visual Studio Version 17
VisualStudioVersion = 17.5.2.0
MinimumVisualStudioVersion = 10.0.40219.1
Project("{FAE04EC0-301F-11D3-BF4B-00C04F79EFBC}") = "BasicCSAPP", "BasicCSAPP.csproj", "{F4CA2CAC-21D0-151D-E0F5-C69868C6A42D}"
EndProject
Global
	GlobalSection(SolutionConfigurationPlatforms) = preSolution
		Debug|Any CPU = Debug|Any CPU
		Release|Any CPU = Release|Any CPU
	EndGlobalSection
	GlobalSection(ProjectConfigurationPlatforms) = postSolution
		{F4CA2CAC-21D0-151D-E0F5-C69868C6A42D}.Debug|Any CPU.ActiveCfg = Debug|Any CPU
		{F4CA2CAC-21D0-151D-E0F5-C69868C6A42D}.Debug|Any CPU.Build.0 = Debug|Any CPU
		{F4CA2CAC-21D0-151D-E0F5-C69868C6A42D}.Release|Any CPU.ActiveCfg = Release|Any CPU
		{F4CA2CAC-21D0-151D-E0F5-C69868C6A42D}.Release|Any CPU.Build.0 = Release|Any CPU
	EndGlobalSection
	GlobalSection(SolutionProperties) = preSolution
		HideSolutionNode = FALSE
	EndGlobalSection
	GlobalSection(ExtensibilityGlobals) = postSolution
		SolutionGuid = {C619DAE2-0DDC-4B72-9677-1690BD3772C1}
	EndGlobalSection
EndGlobal
