
Microsoft Visual Studio Solution File, Format Version 12.00
# Visual Studio Version 17
VisualStudioVersion = 17.10.34916.146
MinimumVisualStudioVersion = 10.0.40219.1
Project("{9A19103F-16F7-4668-BE54-9A1E7A4F7556}") = "BlogRazorApp", "BlogRazorApp\BlogRazorApp.csproj", "{0F680F8D-F9C8-41C2-BA1E-0727D760C1FD}"
EndProject
Project("{9A19103F-16F7-4668-BE54-9A1E7A4F7556}") = "BloggersWebAPI", "BloggersWebAPI\BloggersWebAPI.csproj", "{E636DADF-B77D-4153-B1C6-0110BF27811A}"
EndProject
Project("{9A19103F-16F7-4668-BE54-9A1E7A4F7556}") = "BloggersControllerWebAPI", "BloggersControllerWebAPI\BloggersControllerWebAPI.csproj", "{14F25182-A848-4535-9F30-8F985A7E9CA2}"
EndProject
Project("{9A19103F-16F7-4668-BE54-9A1E7A4F7556}") = "ProductCatalogMinimalAPI", "ProductCatalogMinimalAPI\ProductCatalogMinimalAPI.csproj", "{87EF8634-4C04-4785-8363-865A2B5A1796}"
EndProject
Project("{9A19103F-16F7-4668-BE54-9A1E7A4F7556}") = "CRMMinimalWebAPI", "CRMMinimalWebAPI\CRMMinimalWebAPI.csproj", "{4526AE89-4BBA-48DC-B4C7-5BFF78B52B96}"
EndProject
Project("{9A19103F-16F7-4668-BE54-9A1E7A4F7556}") = "AuthLib", "AuthLib\AuthLib.csproj", "{D04EFAAA-C808-4BD8-8A1A-3818B5111488}"
EndProject
Project("{9A19103F-16F7-4668-BE54-9A1E7A4F7556}") = "BolgPost", "BolgPost\BolgPost.csproj", "{37A4D996-79FB-49DF-8BEB-400848B75197}"
EndProject
Project("{9A19103F-16F7-4668-BE54-9A1E7A4F7556}") = "CatalogAPI", "CatalogAPI\CatalogAPI.csproj", "{6CC74A9F-D43F-4D1C-A7B3-8FD7B4D1EF8B}"
EndProject
Project("{9A19103F-16F7-4668-BE54-9A1E7A4F7556}") = "DataConverterApp", "DataConverterApp\DataConverterApp.csproj", "{A7508A04-561C-45A5-9750-C8DAD35E9768}"
EndProject
Project("{9A19103F-16F7-4668-BE54-9A1E7A4F7556}") = "DemoDBApp", "DemoDBApp\DemoDBApp.csproj", "{66618E05-B498-4DA4-AF76-1AE58BEE8E34}"
EndProject
Project("{9A19103F-16F7-4668-BE54-9A1E7A4F7556}") = "ECommerceApp", "ECommerceSolution\ECommerceApp.csproj", "{1BA6FF0E-FB9F-447D-8396-7E57B4AA2079}"
EndProject
Project("{9A19103F-16F7-4668-BE54-9A1E7A4F7556}") = "HRORMApp", "HRORMApp\HRORMApp.csproj", "{BFC5703F-463D-464D-8B62-223D16E34655}"
EndProject
Project("{9A19103F-16F7-4668-BE54-9A1E7A4F7556}") = "StoreApp", "StoreApp\StoreApp.csproj", "{13D2CB03-3867-4CD4-AB5A-4B0ECDF462E2}"
EndProject
Global
	GlobalSection(SolutionConfigurationPlatforms) = preSolution
		Debug|Any CPU = Debug|Any CPU
		Release|Any CPU = Release|Any CPU
	EndGlobalSection
	GlobalSection(ProjectConfigurationPlatforms) = postSolution
		{0F680F8D-F9C8-41C2-BA1E-0727D760C1FD}.Debug|Any CPU.ActiveCfg = Debug|Any CPU
		{0F680F8D-F9C8-41C2-BA1E-0727D760C1FD}.Debug|Any CPU.Build.0 = Debug|Any CPU
		{0F680F8D-F9C8-41C2-BA1E-0727D760C1FD}.Release|Any CPU.ActiveCfg = Release|Any CPU
		{0F680F8D-F9C8-41C2-BA1E-0727D760C1FD}.Release|Any CPU.Build.0 = Release|Any CPU
		{E636DADF-B77D-4153-B1C6-0110BF27811A}.Debug|Any CPU.ActiveCfg = Debug|Any CPU
		{E636DADF-B77D-4153-B1C6-0110BF27811A}.Debug|Any CPU.Build.0 = Debug|Any CPU
		{E636DADF-B77D-4153-B1C6-0110BF27811A}.Release|Any CPU.ActiveCfg = Release|Any CPU
		{E636DADF-B77D-4153-B1C6-0110BF27811A}.Release|Any CPU.Build.0 = Release|Any CPU
		{14F25182-A848-4535-9F30-8F985A7E9CA2}.Debug|Any CPU.ActiveCfg = Debug|Any CPU
		{14F25182-A848-4535-9F30-8F985A7E9CA2}.Debug|Any CPU.Build.0 = Debug|Any CPU
		{14F25182-A848-4535-9F30-8F985A7E9CA2}.Release|Any CPU.ActiveCfg = Release|Any CPU
		{14F25182-A848-4535-9F30-8F985A7E9CA2}.Release|Any CPU.Build.0 = Release|Any CPU
		{87EF8634-4C04-4785-8363-865A2B5A1796}.Debug|Any CPU.ActiveCfg = Debug|Any CPU
		{87EF8634-4C04-4785-8363-865A2B5A1796}.Debug|Any CPU.Build.0 = Debug|Any CPU
		{87EF8634-4C04-4785-8363-865A2B5A1796}.Release|Any CPU.ActiveCfg = Release|Any CPU
		{87EF8634-4C04-4785-8363-865A2B5A1796}.Release|Any CPU.Build.0 = Release|Any CPU
		{4526AE89-4BBA-48DC-B4C7-5BFF78B52B96}.Debug|Any CPU.ActiveCfg = Debug|Any CPU
		{4526AE89-4BBA-48DC-B4C7-5BFF78B52B96}.Debug|Any CPU.Build.0 = Debug|Any CPU
		{4526AE89-4BBA-48DC-B4C7-5BFF78B52B96}.Release|Any CPU.ActiveCfg = Release|Any CPU
		{4526AE89-4BBA-48DC-B4C7-5BFF78B52B96}.Release|Any CPU.Build.0 = Release|Any CPU
		{D04EFAAA-C808-4BD8-8A1A-3818B5111488}.Debug|Any CPU.ActiveCfg = Debug|Any CPU
		{D04EFAAA-C808-4BD8-8A1A-3818B5111488}.Debug|Any CPU.Build.0 = Debug|Any CPU
		{D04EFAAA-C808-4BD8-8A1A-3818B5111488}.Release|Any CPU.ActiveCfg = Release|Any CPU
		{D04EFAAA-C808-4BD8-8A1A-3818B5111488}.Release|Any CPU.Build.0 = Release|Any CPU
		{37A4D996-79FB-49DF-8BEB-400848B75197}.Debug|Any CPU.ActiveCfg = Debug|Any CPU
		{37A4D996-79FB-49DF-8BEB-400848B75197}.Debug|Any CPU.Build.0 = Debug|Any CPU
		{37A4D996-79FB-49DF-8BEB-400848B75197}.Release|Any CPU.ActiveCfg = Release|Any CPU
		{37A4D996-79FB-49DF-8BEB-400848B75197}.Release|Any CPU.Build.0 = Release|Any CPU
		{6CC74A9F-D43F-4D1C-A7B3-8FD7B4D1EF8B}.Debug|Any CPU.ActiveCfg = Debug|Any CPU
		{6CC74A9F-D43F-4D1C-A7B3-8FD7B4D1EF8B}.Debug|Any CPU.Build.0 = Debug|Any CPU
		{6CC74A9F-D43F-4D1C-A7B3-8FD7B4D1EF8B}.Release|Any CPU.ActiveCfg = Release|Any CPU
		{6CC74A9F-D43F-4D1C-A7B3-8FD7B4D1EF8B}.Release|Any CPU.Build.0 = Release|Any CPU
		{A7508A04-561C-45A5-9750-C8DAD35E9768}.Debug|Any CPU.ActiveCfg = Debug|Any CPU
		{A7508A04-561C-45A5-9750-C8DAD35E9768}.Debug|Any CPU.Build.0 = Debug|Any CPU
		{A7508A04-561C-45A5-9750-C8DAD35E9768}.Release|Any CPU.ActiveCfg = Release|Any CPU
		{A7508A04-561C-45A5-9750-C8DAD35E9768}.Release|Any CPU.Build.0 = Release|Any CPU
		{66618E05-B498-4DA4-AF76-1AE58BEE8E34}.Debug|Any CPU.ActiveCfg = Debug|Any CPU
		{66618E05-B498-4DA4-AF76-1AE58BEE8E34}.Debug|Any CPU.Build.0 = Debug|Any CPU
		{66618E05-B498-4DA4-AF76-1AE58BEE8E34}.Release|Any CPU.ActiveCfg = Release|Any CPU
		{66618E05-B498-4DA4-AF76-1AE58BEE8E34}.Release|Any CPU.Build.0 = Release|Any CPU
		{1BA6FF0E-FB9F-447D-8396-7E57B4AA2079}.Debug|Any CPU.ActiveCfg = Debug|Any CPU
		{1BA6FF0E-FB9F-447D-8396-7E57B4AA2079}.Debug|Any CPU.Build.0 = Debug|Any CPU
		{1BA6FF0E-FB9F-447D-8396-7E57B4AA2079}.Release|Any CPU.ActiveCfg = Release|Any CPU
		{1BA6FF0E-FB9F-447D-8396-7E57B4AA2079}.Release|Any CPU.Build.0 = Release|Any CPU
		{BFC5703F-463D-464D-8B62-223D16E34655}.Debug|Any CPU.ActiveCfg = Debug|Any CPU
		{BFC5703F-463D-464D-8B62-223D16E34655}.Debug|Any CPU.Build.0 = Debug|Any CPU
		{BFC5703F-463D-464D-8B62-223D16E34655}.Release|Any CPU.ActiveCfg = Release|Any CPU
		{BFC5703F-463D-464D-8B62-223D16E34655}.Release|Any CPU.Build.0 = Release|Any CPU
		{13D2CB03-3867-4CD4-AB5A-4B0ECDF462E2}.Debug|Any CPU.ActiveCfg = Debug|Any CPU
		{13D2CB03-3867-4CD4-AB5A-4B0ECDF462E2}.Debug|Any CPU.Build.0 = Debug|Any CPU
		{13D2CB03-3867-4CD4-AB5A-4B0ECDF462E2}.Release|Any CPU.ActiveCfg = Release|Any CPU
		{13D2CB03-3867-4CD4-AB5A-4B0ECDF462E2}.Release|Any CPU.Build.0 = Release|Any CPU
	EndGlobalSection
	GlobalSection(SolutionProperties) = preSolution
		HideSolutionNode = FALSE
	EndGlobalSection
	GlobalSection(ExtensibilityGlobals) = postSolution
		SolutionGuid = {E113F261-A272-4A5F-A571-D88EAC29D8B1}
	EndGlobalSection
EndGlobal
