
Microsoft Visual Studio Solution File, Format Version 12.00
# Visual Studio Version 17
VisualStudioVersion = 17.12.35527.113 d17.12
MinimumVisualStudioVersion = 10.0.40219.1
Project("{FAE04EC0-301F-11D3-BF4B-00C04F79EFBC}") = "PaintBrush", "PaintBrush\PaintBrush.csproj", "{4DA1AF28-B79B-4959-B59F-6EEBD4CF7ECC}"
EndProject
Global
	GlobalSection(SolutionConfigurationPlatforms) = preSolution
		Debug|Any CPU = Debug|Any CPU
		Release|Any CPU = Release|Any CPU
	EndGlobalSection
	GlobalSection(ProjectConfigurationPlatforms) = postSolution
		{4DA1AF28-B79B-4959-B59F-6EEBD4CF7ECC}.Debug|Any CPU.ActiveCfg = Debug|Any CPU
		{4DA1AF28-B79B-4959-B59F-6EEBD4CF7ECC}.Debug|Any CPU.Build.0 = Debug|Any CPU
		{4DA1AF28-B79B-4959-B59F-6EEBD4CF7ECC}.Release|Any CPU.ActiveCfg = Release|Any CPU
		{4DA1AF28-B79B-4959-B59F-6EEBD4CF7ECC}.Release|Any CPU.Build.0 = Release|Any CPU
	EndGlobalSection
	GlobalSection(SolutionProperties) = preSolution
		HideSolutionNode = FALSE
	EndGlobalSection
EndGlobal
