
Microsoft Visual Studio Solution File, Format Version 12.00
# Visual Studio Version 17
VisualStudioVersion = 17.0.31903.59
MinimumVisualStudioVersion = 10.0.40219.1
Project("{FAE04EC0-301F-11D3-BF4B-00C04F79EFBC}") = "TestApp", "TestApp\TestApp.csproj", "{D24FC578-F61E-4F1F-8ED1-4DDD995AAA02}"
EndProject
Project("{FAE04EC0-301F-11D3-BF4B-00C04F79EFBC}") = "HelloWebApp", "HelloWebApp\HelloWebApp.csproj", "{A4BD97B3-1872-4E3C-9474-26D6619E067E}"
EndProject
Project("{FAE04EC0-301F-11D3-BF4B-00C04F79EFBC}") = "tflstore", "tflstore\tflstore.csproj", "{1D7D7D2C-1712-4BB2-907A-31D7DEF98A4C}"
EndProject
Global
	GlobalSection(SolutionConfigurationPlatforms) = preSolution
		Debug|Any CPU = Debug|Any CPU
		Release|Any CPU = Release|Any CPU
	EndGlobalSection
	GlobalSection(SolutionProperties) = preSolution
		HideSolutionNode = FALSE
	EndGlobalSection
	GlobalSection(ProjectConfigurationPlatforms) = postSolution
		{D24FC578-F61E-4F1F-8ED1-4DDD995AAA02}.Debug|Any CPU.ActiveCfg = Debug|Any CPU
		{D24FC578-F61E-4F1F-8ED1-4DDD995AAA02}.Debug|Any CPU.Build.0 = Debug|Any CPU
		{D24FC578-F61E-4F1F-8ED1-4DDD995AAA02}.Release|Any CPU.ActiveCfg = Release|Any CPU
		{D24FC578-F61E-4F1F-8ED1-4DDD995AAA02}.Release|Any CPU.Build.0 = Release|Any CPU
		{A4BD97B3-1872-4E3C-9474-26D6619E067E}.Debug|Any CPU.ActiveCfg = Debug|Any CPU
		{A4BD97B3-1872-4E3C-9474-26D6619E067E}.Debug|Any CPU.Build.0 = Debug|Any CPU
		{A4BD97B3-1872-4E3C-9474-26D6619E067E}.Release|Any CPU.ActiveCfg = Release|Any CPU
		{A4BD97B3-1872-4E3C-9474-26D6619E067E}.Release|Any CPU.Build.0 = Release|Any CPU
		{1D7D7D2C-1712-4BB2-907A-31D7DEF98A4C}.Debug|Any CPU.ActiveCfg = Debug|Any CPU
		{1D7D7D2C-1712-4BB2-907A-31D7DEF98A4C}.Debug|Any CPU.Build.0 = Debug|Any CPU
		{1D7D7D2C-1712-4BB2-907A-31D7DEF98A4C}.Release|Any CPU.ActiveCfg = Release|Any CPU
		{1D7D7D2C-1712-4BB2-907A-31D7DEF98A4C}.Release|Any CPU.Build.0 = Release|Any CPU
	EndGlobalSection
EndGlobal
