
Microsoft Visual Studio Solution File, Format Version 12.00
# Visual Studio Version 17
VisualStudioVersion = 17.0.31903.59
MinimumVisualStudioVersion = 10.0.40219.1
Project("{FAE04EC0-301F-11D3-BF4B-00C04F79EFBC}") = "OnlineShoppingPortal", "OnlineShoppingPortal\OnlineShoppingPortal.csproj", "{4407DC33-92A6-4036-96E2-D522E7BE5F26}"
EndProject
Global
	GlobalSection(SolutionConfigurationPlatforms) = preSolution
		Debug|Any CPU = Debug|Any CPU
		Release|Any CPU = Release|Any CPU
	EndGlobalSection
	GlobalSection(SolutionProperties) = preSolution
		HideSolutionNode = FALSE
	EndGlobalSection
	GlobalSection(ProjectConfigurationPlatforms) = postSolution
		{4407DC33-92A6-4036-96E2-D522E7BE5F26}.Debug|Any CPU.ActiveCfg = Debug|Any CPU
		{4407DC33-92A6-4036-96E2-D522E7BE5F26}.Debug|Any CPU.Build.0 = Debug|Any CPU
		{4407DC33-92A6-4036-96E2-D522E7BE5F26}.Release|Any CPU.ActiveCfg = Release|Any CPU
		{4407DC33-92A6-4036-96E2-D522E7BE5F26}.Release|Any CPU.Build.0 = Release|Any CPU
	EndGlobalSection
EndGlobal
