
Microsoft Visual Studio Solution File, Format Version 12.00
# Visual Studio Version 17
VisualStudioVersion = 17.5.002.0
MinimumVisualStudioVersion = 10.0.40219.1
Project("{9A19103F-16F7-4668-BE54-9A1E7A4F7556}") = "ChartApp", "ChartApp.csproj", "{A21245BC-420B-45E2-8C5F-EF2140C3B8FB}"
EndProject
Global
	GlobalSection(SolutionConfigurationPlatforms) = preSolution
		Debug|Any CPU = Debug|Any CPU
		Release|Any CPU = Release|Any CPU
	EndGlobalSection
	GlobalSection(ProjectConfigurationPlatforms) = postSolution
		{A21245BC-420B-45E2-8C5F-EF2140C3B8FB}.Debug|Any CPU.ActiveCfg = Debug|Any CPU
		{A21245BC-420B-45E2-8C5F-EF2140C3B8FB}.Debug|Any CPU.Build.0 = Debug|Any CPU
		{A21245BC-420B-45E2-8C5F-EF2140C3B8FB}.Release|Any CPU.ActiveCfg = Release|Any CPU
		{A21245BC-420B-45E2-8C5F-EF2140C3B8FB}.Release|Any CPU.Build.0 = Release|Any CPU
	EndGlobalSection
	GlobalSection(SolutionProperties) = preSolution
		HideSolutionNode = FALSE
	EndGlobalSection
	GlobalSection(ExtensibilityGlobals) = postSolution
		SolutionGuid = {A52B52B0-4879-490E-985D-2F1AC22006C5}
	EndGlobalSection
EndGlobal
