
Microsoft Visual Studio Solution File, Format Version 12.00
# Visual Studio Version 17
VisualStudioVersion = 17.10.34916.146
MinimumVisualStudioVersion = 10.0.40219.1
Project("{FAE04EC0-301F-11D3-BF4B-00C04F79EFBC}") = "ECommerceSolution", "ECommerceSolution\ECommerceSolution.csproj", "{EBF40345-E827-4C85-916E-7BA864967845}"
EndProject
Global
	GlobalSection(SolutionConfigurationPlatforms) = preSolution
		Debug|Any CPU = Debug|Any CPU
		Release|Any CPU = Release|Any CPU
	EndGlobalSection
	GlobalSection(ProjectConfigurationPlatforms) = postSolution
		{EBF40345-E827-4C85-916E-7BA864967845}.Debug|Any CPU.ActiveCfg = Debug|Any CPU
		{EBF40345-E827-4C85-916E-7BA864967845}.Debug|Any CPU.Build.0 = Debug|Any CPU
		{EBF40345-E827-4C85-916E-7BA864967845}.Release|Any CPU.ActiveCfg = Release|Any CPU
		{EBF40345-E827-4C85-916E-7BA864967845}.Release|Any CPU.Build.0 = Release|Any CPU
	EndGlobalSection
	GlobalSection(SolutionProperties) = preSolution
		HideSolutionNode = FALSE
	EndGlobalSection
	GlobalSection(ExtensibilityGlobals) = postSolution
		SolutionGuid = {ABA56740-0B76-4F6B-855E-766E8791B1EB}
	EndGlobalSection
EndGlobal
