
Microsoft Visual Studio Solution File, Format Version 12.00
# Visual Studio Version 17
VisualStudioVersion = 17.0.31903.59
MinimumVisualStudioVersion = 10.0.40219.1
Project("{FAE04EC0-301F-11D3-BF4B-00C04F79EFBC}") = "Tester", "Tester\Tester.csproj", "{5A2A4937-70AE-4B5C-98D1-8CDCAE352908}"
EndProject
Project("{FAE04EC0-301F-11D3-BF4B-00C04F79EFBC}") = "ExtensionApp", "ExtensionApp\ExtensionApp.csproj", "{456D48CD-AC77-45E4-BC02-948A6AF0700D}"
EndProject
Global
	GlobalSection(SolutionConfigurationPlatforms) = preSolution
		Debug|Any CPU = Debug|Any CPU
		Release|Any CPU = Release|Any CPU
	EndGlobalSection
	GlobalSection(SolutionProperties) = preSolution
		HideSolutionNode = FALSE
	EndGlobalSection
	GlobalSection(ProjectConfigurationPlatforms) = postSolution
		{5A2A4937-70AE-4B5C-98D1-8CDCAE352908}.Debug|Any CPU.ActiveCfg = Debug|Any CPU
		{5A2A4937-70AE-4B5C-98D1-8CDCAE352908}.Debug|Any CPU.Build.0 = Debug|Any CPU
		{5A2A4937-70AE-4B5C-98D1-8CDCAE352908}.Release|Any CPU.ActiveCfg = Release|Any CPU
		{5A2A4937-70AE-4B5C-98D1-8CDCAE352908}.Release|Any CPU.Build.0 = Release|Any CPU
		{456D48CD-AC77-45E4-BC02-948A6AF0700D}.Debug|Any CPU.ActiveCfg = Debug|Any CPU
		{456D48CD-AC77-45E4-BC02-948A6AF0700D}.Debug|Any CPU.Build.0 = Debug|Any CPU
		{456D48CD-AC77-45E4-BC02-948A6AF0700D}.Release|Any CPU.ActiveCfg = Release|Any CPU
		{456D48CD-AC77-45E4-BC02-948A6AF0700D}.Release|Any CPU.Build.0 = Release|Any CPU
	EndGlobalSection
EndGlobal
