Microsoft Visual Studio Solution File, Format Version 12.00
# Visual Studio Version 17
VisualStudioVersion = 17.5.2.0
MinimumVisualStudioVersion = 10.0.40219.1
Project("{FAE04EC0-301F-11D3-BF4B-00C04F79EFBC}") = "MySQLConnectApp", "MySQLConnectApp.csproj", "{652D6D63-8B01-5C89-2273-C373DB9D19EA}"
EndProject
Global
	GlobalSection(SolutionConfigurationPlatforms) = preSolution
		Debug|Any CPU = Debug|Any CPU
		Release|Any CPU = Release|Any CPU
	EndGlobalSection
	GlobalSection(ProjectConfigurationPlatforms) = postSolution
		{652D6D63-8B01-5C89-2273-C373DB9D19EA}.Debug|Any CPU.ActiveCfg = Debug|Any CPU
		{652D6D63-8B01-5C89-2273-C373DB9D19EA}.Debug|Any CPU.Build.0 = Debug|Any CPU
		{652D6D63-8B01-5C89-2273-C373DB9D19EA}.Release|Any CPU.ActiveCfg = Release|Any CPU
		{652D6D63-8B01-5C89-2273-C373DB9D19EA}.Release|Any CPU.Build.0 = Release|Any CPU
	EndGlobalSection
	GlobalSection(SolutionProperties) = preSolution
		HideSolutionNode = FALSE
	EndGlobalSection
	GlobalSection(ExtensibilityGlobals) = postSolution
		SolutionGuid = {8FDE2174-14C5-496D-BD6B-FA1897E0603D}
	EndGlobalSection
EndGlobal
