
Microsoft Visual Studio Solution File, Format Version 12.00
# Visual Studio Version 17
VisualStudioVersion = 17.10.34916.146
MinimumVisualStudioVersion = 10.0.40219.1
Project("{9A19103F-16F7-4668-BE54-9A1E7A4F7556}") = "TFLECommerce_May2024", "TFLECommerce_May2024\TFLECommerce_May2024.csproj", "{0E759FEB-D1EA-4A1F-8B7A-8C5762D60E36}"
EndProject
Project("{9A19103F-16F7-4668-BE54-9A1E7A4F7556}") = "BlazorAppWebAssembly", "BlazorAppWebAssembly\BlazorAppWebAssembly.csproj", "{C7C27351-1194-4182-B14B-E541CA356C38}"
EndProject
Project("{9A19103F-16F7-4668-BE54-9A1E7A4F7556}") = "HRBlazorWebapp", "HRBlazorWebapp\HRBlazorWebapp.csproj", "{2E46A788-5D17-4152-9BDE-93BF806DBD98}"
EndProject
Project("{9A19103F-16F7-4668-BE54-9A1E7A4F7556}") = "CRMMinimalWebAPI", "CRMMinimalWebAPI\CRMMinimalWebAPI.csproj", "{97CADBB2-CA6D-44AD-9A06-56264742B695}"
EndProject
Project("{9A19103F-16F7-4668-BE54-9A1E7A4F7556}") = "BloggersControllerWebAPI", "BloggersControllerWebAPI\BloggersControllerWebAPI.csproj", "{D44EFA2A-CC12-4261-92D4-F5704BA7D7A2}"
EndProject
Global
	GlobalSection(SolutionConfigurationPlatforms) = preSolution
		Debug|Any CPU = Debug|Any CPU
		Release|Any CPU = Release|Any CPU
	EndGlobalSection
	GlobalSection(ProjectConfigurationPlatforms) = postSolution
		{0E759FEB-D1EA-4A1F-8B7A-8C5762D60E36}.Debug|Any CPU.ActiveCfg = Debug|Any CPU
		{0E759FEB-D1EA-4A1F-8B7A-8C5762D60E36}.Debug|Any CPU.Build.0 = Debug|Any CPU
		{0E759FEB-D1EA-4A1F-8B7A-8C5762D60E36}.Release|Any CPU.ActiveCfg = Release|Any CPU
		{0E759FEB-D1EA-4A1F-8B7A-8C5762D60E36}.Release|Any CPU.Build.0 = Release|Any CPU
		{C7C27351-1194-4182-B14B-E541CA356C38}.Debug|Any CPU.ActiveCfg = Debug|Any CPU
		{C7C27351-1194-4182-B14B-E541CA356C38}.Debug|Any CPU.Build.0 = Debug|Any CPU
		{C7C27351-1194-4182-B14B-E541CA356C38}.Release|Any CPU.ActiveCfg = Release|Any CPU
		{C7C27351-1194-4182-B14B-E541CA356C38}.Release|Any CPU.Build.0 = Release|Any CPU
		{2E46A788-5D17-4152-9BDE-93BF806DBD98}.Debug|Any CPU.ActiveCfg = Debug|Any CPU
		{2E46A788-5D17-4152-9BDE-93BF806DBD98}.Debug|Any CPU.Build.0 = Debug|Any CPU
		{2E46A788-5D17-4152-9BDE-93BF806DBD98}.Release|Any CPU.ActiveCfg = Release|Any CPU
		{2E46A788-5D17-4152-9BDE-93BF806DBD98}.Release|Any CPU.Build.0 = Release|Any CPU
		{97CADBB2-CA6D-44AD-9A06-56264742B695}.Debug|Any CPU.ActiveCfg = Debug|Any CPU
		{97CADBB2-CA6D-44AD-9A06-56264742B695}.Debug|Any CPU.Build.0 = Debug|Any CPU
		{97CADBB2-CA6D-44AD-9A06-56264742B695}.Release|Any CPU.ActiveCfg = Release|Any CPU
		{97CADBB2-CA6D-44AD-9A06-56264742B695}.Release|Any CPU.Build.0 = Release|Any CPU
		{D44EFA2A-CC12-4261-92D4-F5704BA7D7A2}.Debug|Any CPU.ActiveCfg = Debug|Any CPU
		{D44EFA2A-CC12-4261-92D4-F5704BA7D7A2}.Debug|Any CPU.Build.0 = Debug|Any CPU
		{D44EFA2A-CC12-4261-92D4-F5704BA7D7A2}.Release|Any CPU.ActiveCfg = Release|Any CPU
		{D44EFA2A-CC12-4261-92D4-F5704BA7D7A2}.Release|Any CPU.Build.0 = Release|Any CPU
	EndGlobalSection
	GlobalSection(SolutionProperties) = preSolution
		HideSolutionNode = FALSE
	EndGlobalSection
	GlobalSection(ExtensibilityGlobals) = postSolution
		SolutionGuid = {B375BF12-BE82-41C2-9586-14CDC0B7E13A}
	EndGlobalSection
EndGlobal
